
Microsoft Visual Studio Solution File, Format Version 12.00
# Visual Studio Version 17
VisualStudioVersion = 17.14.36429.23
MinimumVisualStudioVersion = 10.0.40219.1
Project("{2150E333-8FDC-42A3-9474-1A3956D46DE8}") = "Task0", "Task0", "{02EA681E-C7D8-13C7-8484-4AC65E1B71E8}"
EndProject
Project("{FAE04EC0-301F-11D3-BF4B-00C04F79EFBC}") = "Tyuiu.PlatonovMV.Sprint1.Task0.V28", "Tyuiu.PlatonovMV.Sprint1.Task0.V28\Tyuiu.PlatonovMV.Sprint1.Task0.V28.csproj", "{020F6C7C-91F8-41C3-8700-1A01C5E250F0}"
EndProject
Project("{FAE04EC0-301F-11D3-BF4B-00C04F79EFBC}") = "Tyuiu.PlatonovMV.Sprint1.Task0.V28.Test", "Tyuiu.PlatonovMV.Sprint1.Task0.V28.Test\Tyuiu.PlatonovMV.Sprint1.Task0.V28.Test.csproj", "{82113575-4298-45DD-B23C-468D57615A7F}"
EndProject
Project("{FAE04EC0-301F-11D3-BF4B-00C04F79EFBC}") = "Tyuiu.PlatonovMV.Sprint1.Task0.V28.Lib", "Tyuiu.PlatonovMV.Sprint1.Task0.V28.Lib\Tyuiu.PlatonovMV.Sprint1.Task0.V28.Lib.csproj", "{28B41F02-DCC8-4519-AF01-0E78DA4CDFB7}"
EndProject
Project("{2150E333-8FDC-42A3-9474-1A3956D46DE8}") = "Task1", "Task1", "{DFF3EBB9-D10E-44F7-92E1-D589DFE3F990}"
EndProject
Project("{FAE04EC0-301F-11D3-BF4B-00C04F79EFBC}") = "Tyuiu.PlatonovMV.Sprint1.Task1.V14", "Tyuiu.PlatonovMV.Sprint1.Task1.V14\Tyuiu.PlatonovMV.Sprint1.Task1.V14.csproj", "{9E14E8B0-AA3E-4E0B-9592-7E42B8827323}"
EndProject
Project("{FAE04EC0-301F-11D3-BF4B-00C04F79EFBC}") = "Tyuiu.PlatonovMV.Sprint1.Task1.V14.Lib", "Tyuiu.PlatonovMV.Sprint1.Task1.V14.Lib\Tyuiu.PlatonovMV.Sprint1.Task1.V14.Lib.csproj", "{257976AF-634C-40C0-8BBA-E7A25D93FFF3}"
EndProject
Project("{FAE04EC0-301F-11D3-BF4B-00C04F79EFBC}") = "Tyuiu.PlatonovMV.Sprint1.Task1.V14.Test", "Tyuiu.PlatonovMV.Sprint1.Task1.V14.Test\Tyuiu.PlatonovMV.Sprint1.Task1.V14.Test.csproj", "{8B442836-2669-4E5B-A2E0-162075BEA507}"
EndProject
Global
	GlobalSection(SolutionConfigurationPlatforms) = preSolution
		Debug|Any CPU = Debug|Any CPU
		Release|Any CPU = Release|Any CPU
	EndGlobalSection
	GlobalSection(ProjectConfigurationPlatforms) = postSolution
		{020F6C7C-91F8-41C3-8700-1A01C5E250F0}.Debug|Any CPU.ActiveCfg = Debug|Any CPU
		{020F6C7C-91F8-41C3-8700-1A01C5E250F0}.Debug|Any CPU.Build.0 = Debug|Any CPU
		{020F6C7C-91F8-41C3-8700-1A01C5E250F0}.Release|Any CPU.ActiveCfg = Release|Any CPU
		{020F6C7C-91F8-41C3-8700-1A01C5E250F0}.Release|Any CPU.Build.0 = Release|Any CPU
		{82113575-4298-45DD-B23C-468D57615A7F}.Debug|Any CPU.ActiveCfg = Debug|Any CPU
		{82113575-4298-45DD-B23C-468D57615A7F}.Debug|Any CPU.Build.0 = Debug|Any CPU
		{82113575-4298-45DD-B23C-468D57615A7F}.Release|Any CPU.ActiveCfg = Release|Any CPU
		{82113575-4298-45DD-B23C-468D57615A7F}.Release|Any CPU.Build.0 = Release|Any CPU
		{28B41F02-DCC8-4519-AF01-0E78DA4CDFB7}.Debug|Any CPU.ActiveCfg = Debug|Any CPU
		{28B41F02-DCC8-4519-AF01-0E78DA4CDFB7}.Debug|Any CPU.Build.0 = Debug|Any CPU
		{28B41F02-DCC8-4519-AF01-0E78DA4CDFB7}.Release|Any CPU.ActiveCfg = Release|Any CPU
		{28B41F02-DCC8-4519-AF01-0E78DA4CDFB7}.Release|Any CPU.Build.0 = Release|Any CPU
		{9E14E8B0-AA3E-4E0B-9592-7E42B8827323}.Debug|Any CPU.ActiveCfg = Debug|Any CPU
		{9E14E8B0-AA3E-4E0B-9592-7E42B8827323}.Debug|Any CPU.Build.0 = Debug|Any CPU
		{9E14E8B0-AA3E-4E0B-9592-7E42B8827323}.Release|Any CPU.ActiveCfg = Release|Any CPU
		{9E14E8B0-AA3E-4E0B-9592-7E42B8827323}.Release|Any CPU.Build.0 = Release|Any CPU
		{257976AF-634C-40C0-8BBA-E7A25D93FFF3}.Debug|Any CPU.ActiveCfg = Debug|Any CPU
		{257976AF-634C-40C0-8BBA-E7A25D93FFF3}.Debug|Any CPU.Build.0 = Debug|Any CPU
		{257976AF-634C-40C0-8BBA-E7A25D93FFF3}.Release|Any CPU.ActiveCfg = Release|Any CPU
		{257976AF-634C-40C0-8BBA-E7A25D93FFF3}.Release|Any CPU.Build.0 = Release|Any CPU
		{8B442836-2669-4E5B-A2E0-162075BEA507}.Debug|Any CPU.ActiveCfg = Debug|Any CPU
		{8B442836-2669-4E5B-A2E0-162075BEA507}.Debug|Any CPU.Build.0 = Debug|Any CPU
		{8B442836-2669-4E5B-A2E0-162075BEA507}.Release|Any CPU.ActiveCfg = Release|Any CPU
		{8B442836-2669-4E5B-A2E0-162075BEA507}.Release|Any CPU.Build.0 = Release|Any CPU
	EndGlobalSection
	GlobalSection(SolutionProperties) = preSolution
		HideSolutionNode = FALSE
	EndGlobalSection
	GlobalSection(NestedProjects) = preSolution
		{020F6C7C-91F8-41C3-8700-1A01C5E250F0} = {02EA681E-C7D8-13C7-8484-4AC65E1B71E8}
		{82113575-4298-45DD-B23C-468D57615A7F} = {02EA681E-C7D8-13C7-8484-4AC65E1B71E8}
		{28B41F02-DCC8-4519-AF01-0E78DA4CDFB7} = {02EA681E-C7D8-13C7-8484-4AC65E1B71E8}
		{9E14E8B0-AA3E-4E0B-9592-7E42B8827323} = {DFF3EBB9-D10E-44F7-92E1-D589DFE3F990}
		{257976AF-634C-40C0-8BBA-E7A25D93FFF3} = {DFF3EBB9-D10E-44F7-92E1-D589DFE3F990}
		{8B442836-2669-4E5B-A2E0-162075BEA507} = {DFF3EBB9-D10E-44F7-92E1-D589DFE3F990}
	EndGlobalSection
	GlobalSection(ExtensibilityGlobals) = postSolution
		SolutionGuid = {7D0AB1B8-B2A8-465C-95E4-FC4C35A7FA8C}
	EndGlobalSection
EndGlobal
