
Microsoft Visual Studio Solution File, Format Version 12.00
# Visual Studio Version 17
VisualStudioVersion = 17.14.36429.23
MinimumVisualStudioVersion = 10.0.40219.1
Project("{2150E333-8FDC-42A3-9474-1A3956D46DE8}") = "Task0", "Task0", "{02EA681E-C7D8-13C7-8484-4AC65E1B71E8}"
EndProject
Project("{FAE04EC0-301F-11D3-BF4B-00C04F79EFBC}") = "Tyuiu.PlatonovMV.Sprint1.Task0.V28", "Tyuiu.PlatonovMV.Sprint1.Task0.V28\Tyuiu.PlatonovMV.Sprint1.Task0.V28.csproj", "{020F6C7C-91F8-41C3-8700-1A01C5E250F0}"
EndProject
Project("{FAE04EC0-301F-11D3-BF4B-00C04F79EFBC}") = "Tyuiu.PlatonovMV.Sprint1.Task0.V28.Test", "Tyuiu.PlatonovMV.Sprint1.Task0.V28.Test\Tyuiu.PlatonovMV.Sprint1.Task0.V28.Test.csproj", "{82113575-4298-45DD-B23C-468D57615A7F}"
EndProject
Project("{FAE04EC0-301F-11D3-BF4B-00C04F79EFBC}") = "Tyuiu.PlatonovMV.Sprint1.Task0.V28.Lib", "Tyuiu.PlatonovMV.Sprint1.Task0.V28.Lib\Tyuiu.PlatonovMV.Sprint1.Task0.V28.Lib.csproj", "{28B41F02-DCC8-4519-AF01-0E78DA4CDFB7}"
EndProject
Project("{2150E333-8FDC-42A3-9474-1A3956D46DE8}") = "Task1", "Task1", "{DFF3EBB9-D10E-44F7-92E1-D589DFE3F990}"
EndProject
Project("{FAE04EC0-301F-11D3-BF4B-00C04F79EFBC}") = "Tyuiu.PlatonovMV.Sprint1.Task1.V14", "Tyuiu.PlatonovMV.Sprint1.Task1.V14\Tyuiu.PlatonovMV.Sprint1.Task1.V14.csproj", "{9E14E8B0-AA3E-4E0B-9592-7E42B8827323}"
EndProject
Project("{FAE04EC0-301F-11D3-BF4B-00C04F79EFBC}") = "Tyuiu.PlatonovMV.Sprint1.Task1.V14.Lib", "Tyuiu.PlatonovMV.Sprint1.Task1.V14.Lib\Tyuiu.PlatonovMV.Sprint1.Task1.V14.Lib.csproj", "{257976AF-634C-40C0-8BBA-E7A25D93FFF3}"
EndProject
Project("{FAE04EC0-301F-11D3-BF4B-00C04F79EFBC}") = "Tyuiu.PlatonovMV.Sprint1.Task1.V14.Test", "Tyuiu.PlatonovMV.Sprint1.Task1.V14.Test\Tyuiu.PlatonovMV.Sprint1.Task1.V14.Test.csproj", "{8B442836-2669-4E5B-A2E0-162075BEA507}"
EndProject
Project("{2150E333-8FDC-42A3-9474-1A3956D46DE8}") = "Task2", "Task2", "{B4518BE1-0252-4658-92CE-DA0397B2D80E}"
EndProject
Project("{FAE04EC0-301F-11D3-BF4B-00C04F79EFBC}") = "Tyuiu.PlatonovMV.Sprint1.Task2.V29", "Tyuiu.PlatonovMV.Sprint1.Task2.V29\Tyuiu.PlatonovMV.Sprint1.Task2.V29.csproj", "{1F8D9144-91C1-4901-A744-7AFB32BFF95C}"
EndProject
Project("{FAE04EC0-301F-11D3-BF4B-00C04F79EFBC}") = "Tyuiu.PlatonovMV.Sprint1.Task2.V29.Lib", "Tyuiu.PlatonovMV.Sprint1.Task2.V29.Lib\Tyuiu.PlatonovMV.Sprint1.Task2.V29.Lib.csproj", "{9C3AE560-AF90-4078-8AE6-9858248D9617}"
EndProject
Project("{FAE04EC0-301F-11D3-BF4B-00C04F79EFBC}") = "Tyuiu.PlatonovMV.Sprint1.Task2.V29.Test", "Tyuiu.PlatonovMV.Sprint1.Task2.V29.Test\Tyuiu.PlatonovMV.Sprint1.Task2.V29.Test.csproj", "{BAC80621-07D9-4B5C-A8C7-20F40E5FC6F7}"
EndProject
Project("{2150E333-8FDC-42A3-9474-1A3956D46DE8}") = "Task3", "Task3", "{E4C4C493-38B3-4713-96D3-703360DD1557}"
EndProject
Project("{FAE04EC0-301F-11D3-BF4B-00C04F79EFBC}") = "Tyuiu.PlatonovMV.Sprint1.Task3.V3.Test", "Tyuiu.PlatonovMV.Sprint1.Task3.V3.Test\Tyuiu.PlatonovMV.Sprint1.Task3.V3.Test.csproj", "{23A8EAD2-0323-405D-8A1A-6774142B8E36}"
EndProject
Project("{FAE04EC0-301F-11D3-BF4B-00C04F79EFBC}") = "Tyuiu.PlatonovMV.Sprint1.Task3.V3", "Tyuiu.PlatonovMV.Sprint1.Task3.V3\Tyuiu.PlatonovMV.Sprint1.Task3.V3.csproj", "{29FBD0BF-A3E9-4312-8D48-02F1F5E20A95}"
EndProject
Project("{FAE04EC0-301F-11D3-BF4B-00C04F79EFBC}") = "Tyuiu.PlatonovMV.Sprint1.Task3.V3.Lib", "Tyuiu.PlatonovMV.Sprint1.Task3.V3.Lib\Tyuiu.PlatonovMV.Sprint1.Task3.V3.Lib.csproj", "{0341DF55-43FE-48FA-AEE9-AA12F8F87025}"
EndProject
Project("{2150E333-8FDC-42A3-9474-1A3956D46DE8}") = "Task4", "Task4", "{AFF4FF61-A8DE-4CCA-B002-C50E4D385EEF}"
EndProject
Project("{FAE04EC0-301F-11D3-BF4B-00C04F79EFBC}") = "Tyuiu.PlatonovMV.Sprint1.Task4.V20.Lib", "Tyuiu.PlatonovMV.Sprint1.Task4.V20.Lib\Tyuiu.PlatonovMV.Sprint1.Task4.V20.Lib.csproj", "{8AEDBA02-93E6-46C0-939D-0AAB57A8960A}"
EndProject
Project("{FAE04EC0-301F-11D3-BF4B-00C04F79EFBC}") = "Tyuiu.PlatonovMV.Sprint1.Task4.V20", "Tyuiu.PlatonovMV.Sprint1.Task4.V20\Tyuiu.PlatonovMV.Sprint1.Task4.V20.csproj", "{050CE4A9-B03B-42BF-9293-077988B65AD6}"
EndProject
Project("{FAE04EC0-301F-11D3-BF4B-00C04F79EFBC}") = "Tyuiu.PlatonovMV.Sprint1.Task4.V20.Test", "Tyuiu.PlatonovMV.Sprint1.Task4.V20.Test\Tyuiu.PlatonovMV.Sprint1.Task4.V20.Test.csproj", "{77DCE29E-0181-4797-B5E7-546A8D1BD7F8}"
EndProject
Project("{2150E333-8FDC-42A3-9474-1A3956D46DE8}") = "Task5", "Task5", "{4F53ACF3-A55F-4361-B930-B9C10DBA620B}"
EndProject
Project("{FAE04EC0-301F-11D3-BF4B-00C04F79EFBC}") = "Tyuiu.PlatonovMV.Sprint1.Task5.V1.Test", "Tyuiu.PlatonovMV.Sprint1.Task5.V1.Test\Tyuiu.PlatonovMV.Sprint1.Task5.V1.Test.csproj", "{0A99EBA0-E974-403C-943B-D24658BFC755}"
EndProject
Project("{FAE04EC0-301F-11D3-BF4B-00C04F79EFBC}") = "Tyuiu.PlatonovMV.Sprint1.Task5.V1.Lib", "Tyuiu.PlatonovMV.Sprint1.Task5.V1.Lib\Tyuiu.PlatonovMV.Sprint1.Task5.V1.Lib.csproj", "{E7D12474-AE9F-49C3-B52B-7970602124C6}"
EndProject
Project("{FAE04EC0-301F-11D3-BF4B-00C04F79EFBC}") = "Tyuiu.PlatonovMV.Sprint1.Task5.V1", "Tyuiu.PlatonovMV.Sprint1.Task5.V1\Tyuiu.PlatonovMV.Sprint1.Task5.V1.csproj", "{83C351D3-5272-4268-8762-BE2306AE96A6}"
EndProject
Project("{2150E333-8FDC-42A3-9474-1A3956D46DE8}") = "Task6", "Task6", "{7C8B9E08-6A6B-4160-81BC-64A60A75C53C}"
EndProject
Project("{FAE04EC0-301F-11D3-BF4B-00C04F79EFBC}") = "Tyuiu.PlatonovMV.Sprint1.Task6.V2", "Tyuiu.PlatonovMV.Sprint1.Task6.V2\Tyuiu.PlatonovMV.Sprint1.Task6.V2.csproj", "{62480707-8EDC-4599-9ECD-22A30F1FE68B}"
EndProject
Project("{FAE04EC0-301F-11D3-BF4B-00C04F79EFBC}") = "Tyuiu.PlatonovMV.Sprint1.Task6.V2.Test", "Tyuiu.PlatonovMV.Sprint1.Task6.V2.Test\Tyuiu.PlatonovMV.Sprint1.Task6.V2.Test.csproj", "{608BE3CE-FF96-4F4B-92AF-E6405488FC45}"
EndProject
Project("{FAE04EC0-301F-11D3-BF4B-00C04F79EFBC}") = "Tyuiu.PlatonovMV.Sprint1.Task6.V2.Lib", "Tyuiu.PlatonovMV.Sprint1.Task6.V2.Lib\Tyuiu.PlatonovMV.Sprint1.Task6.V2.Lib.csproj", "{BA7DEA16-E768-4BB8-AA50-9F7C422419DC}"
EndProject
Global
	GlobalSection(SolutionConfigurationPlatforms) = preSolution
		Debug|Any CPU = Debug|Any CPU
		Release|Any CPU = Release|Any CPU
	EndGlobalSection
	GlobalSection(ProjectConfigurationPlatforms) = postSolution
		{020F6C7C-91F8-41C3-8700-1A01C5E250F0}.Debug|Any CPU.ActiveCfg = Debug|Any CPU
		{020F6C7C-91F8-41C3-8700-1A01C5E250F0}.Debug|Any CPU.Build.0 = Debug|Any CPU
		{020F6C7C-91F8-41C3-8700-1A01C5E250F0}.Release|Any CPU.ActiveCfg = Release|Any CPU
		{020F6C7C-91F8-41C3-8700-1A01C5E250F0}.Release|Any CPU.Build.0 = Release|Any CPU
		{82113575-4298-45DD-B23C-468D57615A7F}.Debug|Any CPU.ActiveCfg = Debug|Any CPU
		{82113575-4298-45DD-B23C-468D57615A7F}.Debug|Any CPU.Build.0 = Debug|Any CPU
		{82113575-4298-45DD-B23C-468D57615A7F}.Release|Any CPU.ActiveCfg = Release|Any CPU
		{82113575-4298-45DD-B23C-468D57615A7F}.Release|Any CPU.Build.0 = Release|Any CPU
		{28B41F02-DCC8-4519-AF01-0E78DA4CDFB7}.Debug|Any CPU.ActiveCfg = Debug|Any CPU
		{28B41F02-DCC8-4519-AF01-0E78DA4CDFB7}.Debug|Any CPU.Build.0 = Debug|Any CPU
		{28B41F02-DCC8-4519-AF01-0E78DA4CDFB7}.Release|Any CPU.ActiveCfg = Release|Any CPU
		{28B41F02-DCC8-4519-AF01-0E78DA4CDFB7}.Release|Any CPU.Build.0 = Release|Any CPU
		{9E14E8B0-AA3E-4E0B-9592-7E42B8827323}.Debug|Any CPU.ActiveCfg = Debug|Any CPU
		{9E14E8B0-AA3E-4E0B-9592-7E42B8827323}.Debug|Any CPU.Build.0 = Debug|Any CPU
		{9E14E8B0-AA3E-4E0B-9592-7E42B8827323}.Release|Any CPU.ActiveCfg = Release|Any CPU
		{9E14E8B0-AA3E-4E0B-9592-7E42B8827323}.Release|Any CPU.Build.0 = Release|Any CPU
		{257976AF-634C-40C0-8BBA-E7A25D93FFF3}.Debug|Any CPU.ActiveCfg = Debug|Any CPU
		{257976AF-634C-40C0-8BBA-E7A25D93FFF3}.Debug|Any CPU.Build.0 = Debug|Any CPU
		{257976AF-634C-40C0-8BBA-E7A25D93FFF3}.Release|Any CPU.ActiveCfg = Release|Any CPU
		{257976AF-634C-40C0-8BBA-E7A25D93FFF3}.Release|Any CPU.Build.0 = Release|Any CPU
		{8B442836-2669-4E5B-A2E0-162075BEA507}.Debug|Any CPU.ActiveCfg = Debug|Any CPU
		{8B442836-2669-4E5B-A2E0-162075BEA507}.Debug|Any CPU.Build.0 = Debug|Any CPU
		{8B442836-2669-4E5B-A2E0-162075BEA507}.Release|Any CPU.ActiveCfg = Release|Any CPU
		{8B442836-2669-4E5B-A2E0-162075BEA507}.Release|Any CPU.Build.0 = Release|Any CPU
		{1F8D9144-91C1-4901-A744-7AFB32BFF95C}.Debug|Any CPU.ActiveCfg = Debug|Any CPU
		{1F8D9144-91C1-4901-A744-7AFB32BFF95C}.Debug|Any CPU.Build.0 = Debug|Any CPU
		{1F8D9144-91C1-4901-A744-7AFB32BFF95C}.Release|Any CPU.ActiveCfg = Release|Any CPU
		{1F8D9144-91C1-4901-A744-7AFB32BFF95C}.Release|Any CPU.Build.0 = Release|Any CPU
		{9C3AE560-AF90-4078-8AE6-9858248D9617}.Debug|Any CPU.ActiveCfg = Debug|Any CPU
		{9C3AE560-AF90-4078-8AE6-9858248D9617}.Debug|Any CPU.Build.0 = Debug|Any CPU
		{9C3AE560-AF90-4078-8AE6-9858248D9617}.Release|Any CPU.ActiveCfg = Release|Any CPU
		{9C3AE560-AF90-4078-8AE6-9858248D9617}.Release|Any CPU.Build.0 = Release|Any CPU
		{BAC80621-07D9-4B5C-A8C7-20F40E5FC6F7}.Debug|Any CPU.ActiveCfg = Debug|Any CPU
		{BAC80621-07D9-4B5C-A8C7-20F40E5FC6F7}.Debug|Any CPU.Build.0 = Debug|Any CPU
		{BAC80621-07D9-4B5C-A8C7-20F40E5FC6F7}.Release|Any CPU.ActiveCfg = Release|Any CPU
		{BAC80621-07D9-4B5C-A8C7-20F40E5FC6F7}.Release|Any CPU.Build.0 = Release|Any CPU
		{23A8EAD2-0323-405D-8A1A-6774142B8E36}.Debug|Any CPU.ActiveCfg = Debug|Any CPU
		{23A8EAD2-0323-405D-8A1A-6774142B8E36}.Debug|Any CPU.Build.0 = Debug|Any CPU
		{23A8EAD2-0323-405D-8A1A-6774142B8E36}.Release|Any CPU.ActiveCfg = Release|Any CPU
		{23A8EAD2-0323-405D-8A1A-6774142B8E36}.Release|Any CPU.Build.0 = Release|Any CPU
		{29FBD0BF-A3E9-4312-8D48-02F1F5E20A95}.Debug|Any CPU.ActiveCfg = Debug|Any CPU
		{29FBD0BF-A3E9-4312-8D48-02F1F5E20A95}.Debug|Any CPU.Build.0 = Debug|Any CPU
		{29FBD0BF-A3E9-4312-8D48-02F1F5E20A95}.Release|Any CPU.ActiveCfg = Release|Any CPU
		{29FBD0BF-A3E9-4312-8D48-02F1F5E20A95}.Release|Any CPU.Build.0 = Release|Any CPU
		{0341DF55-43FE-48FA-AEE9-AA12F8F87025}.Debug|Any CPU.ActiveCfg = Debug|Any CPU
		{0341DF55-43FE-48FA-AEE9-AA12F8F87025}.Debug|Any CPU.Build.0 = Debug|Any CPU
		{0341DF55-43FE-48FA-AEE9-AA12F8F87025}.Release|Any CPU.ActiveCfg = Release|Any CPU
		{0341DF55-43FE-48FA-AEE9-AA12F8F87025}.Release|Any CPU.Build.0 = Release|Any CPU
		{8AEDBA02-93E6-46C0-939D-0AAB57A8960A}.Debug|Any CPU.ActiveCfg = Debug|Any CPU
		{8AEDBA02-93E6-46C0-939D-0AAB57A8960A}.Debug|Any CPU.Build.0 = Debug|Any CPU
		{8AEDBA02-93E6-46C0-939D-0AAB57A8960A}.Release|Any CPU.ActiveCfg = Release|Any CPU
		{8AEDBA02-93E6-46C0-939D-0AAB57A8960A}.Release|Any CPU.Build.0 = Release|Any CPU
		{050CE4A9-B03B-42BF-9293-077988B65AD6}.Debug|Any CPU.ActiveCfg = Debug|Any CPU
		{050CE4A9-B03B-42BF-9293-077988B65AD6}.Debug|Any CPU.Build.0 = Debug|Any CPU
		{050CE4A9-B03B-42BF-9293-077988B65AD6}.Release|Any CPU.ActiveCfg = Release|Any CPU
		{050CE4A9-B03B-42BF-9293-077988B65AD6}.Release|Any CPU.Build.0 = Release|Any CPU
		{77DCE29E-0181-4797-B5E7-546A8D1BD7F8}.Debug|Any CPU.ActiveCfg = Debug|Any CPU
		{77DCE29E-0181-4797-B5E7-546A8D1BD7F8}.Debug|Any CPU.Build.0 = Debug|Any CPU
		{77DCE29E-0181-4797-B5E7-546A8D1BD7F8}.Release|Any CPU.ActiveCfg = Release|Any CPU
		{77DCE29E-0181-4797-B5E7-546A8D1BD7F8}.Release|Any CPU.Build.0 = Release|Any CPU
		{0A99EBA0-E974-403C-943B-D24658BFC755}.Debug|Any CPU.ActiveCfg = Debug|Any CPU
		{0A99EBA0-E974-403C-943B-D24658BFC755}.Debug|Any CPU.Build.0 = Debug|Any CPU
		{0A99EBA0-E974-403C-943B-D24658BFC755}.Release|Any CPU.ActiveCfg = Release|Any CPU
		{0A99EBA0-E974-403C-943B-D24658BFC755}.Release|Any CPU.Build.0 = Release|Any CPU
		{E7D12474-AE9F-49C3-B52B-7970602124C6}.Debug|Any CPU.ActiveCfg = Debug|Any CPU
		{E7D12474-AE9F-49C3-B52B-7970602124C6}.Debug|Any CPU.Build.0 = Debug|Any CPU
		{E7D12474-AE9F-49C3-B52B-7970602124C6}.Release|Any CPU.ActiveCfg = Release|Any CPU
		{E7D12474-AE9F-49C3-B52B-7970602124C6}.Release|Any CPU.Build.0 = Release|Any CPU
		{83C351D3-5272-4268-8762-BE2306AE96A6}.Debug|Any CPU.ActiveCfg = Debug|Any CPU
		{83C351D3-5272-4268-8762-BE2306AE96A6}.Debug|Any CPU.Build.0 = Debug|Any CPU
		{83C351D3-5272-4268-8762-BE2306AE96A6}.Release|Any CPU.ActiveCfg = Release|Any CPU
		{83C351D3-5272-4268-8762-BE2306AE96A6}.Release|Any CPU.Build.0 = Release|Any CPU
		{62480707-8EDC-4599-9ECD-22A30F1FE68B}.Debug|Any CPU.ActiveCfg = Debug|Any CPU
		{62480707-8EDC-4599-9ECD-22A30F1FE68B}.Debug|Any CPU.Build.0 = Debug|Any CPU
		{62480707-8EDC-4599-9ECD-22A30F1FE68B}.Release|Any CPU.ActiveCfg = Release|Any CPU
		{62480707-8EDC-4599-9ECD-22A30F1FE68B}.Release|Any CPU.Build.0 = Release|Any CPU
		{608BE3CE-FF96-4F4B-92AF-E6405488FC45}.Debug|Any CPU.ActiveCfg = Debug|Any CPU
		{608BE3CE-FF96-4F4B-92AF-E6405488FC45}.Debug|Any CPU.Build.0 = Debug|Any CPU
		{608BE3CE-FF96-4F4B-92AF-E6405488FC45}.Release|Any CPU.ActiveCfg = Release|Any CPU
		{608BE3CE-FF96-4F4B-92AF-E6405488FC45}.Release|Any CPU.Build.0 = Release|Any CPU
		{BA7DEA16-E768-4BB8-AA50-9F7C422419DC}.Debug|Any CPU.ActiveCfg = Debug|Any CPU
		{BA7DEA16-E768-4BB8-AA50-9F7C422419DC}.Debug|Any CPU.Build.0 = Debug|Any CPU
		{BA7DEA16-E768-4BB8-AA50-9F7C422419DC}.Release|Any CPU.ActiveCfg = Release|Any CPU
		{BA7DEA16-E768-4BB8-AA50-9F7C422419DC}.Release|Any CPU.Build.0 = Release|Any CPU
	EndGlobalSection
	GlobalSection(SolutionProperties) = preSolution
		HideSolutionNode = FALSE
	EndGlobalSection
	GlobalSection(NestedProjects) = preSolution
		{020F6C7C-91F8-41C3-8700-1A01C5E250F0} = {02EA681E-C7D8-13C7-8484-4AC65E1B71E8}
		{82113575-4298-45DD-B23C-468D57615A7F} = {02EA681E-C7D8-13C7-8484-4AC65E1B71E8}
		{28B41F02-DCC8-4519-AF01-0E78DA4CDFB7} = {02EA681E-C7D8-13C7-8484-4AC65E1B71E8}
		{9E14E8B0-AA3E-4E0B-9592-7E42B8827323} = {DFF3EBB9-D10E-44F7-92E1-D589DFE3F990}
		{257976AF-634C-40C0-8BBA-E7A25D93FFF3} = {DFF3EBB9-D10E-44F7-92E1-D589DFE3F990}
		{8B442836-2669-4E5B-A2E0-162075BEA507} = {DFF3EBB9-D10E-44F7-92E1-D589DFE3F990}
		{1F8D9144-91C1-4901-A744-7AFB32BFF95C} = {B4518BE1-0252-4658-92CE-DA0397B2D80E}
		{9C3AE560-AF90-4078-8AE6-9858248D9617} = {B4518BE1-0252-4658-92CE-DA0397B2D80E}
		{BAC80621-07D9-4B5C-A8C7-20F40E5FC6F7} = {B4518BE1-0252-4658-92CE-DA0397B2D80E}
		{23A8EAD2-0323-405D-8A1A-6774142B8E36} = {E4C4C493-38B3-4713-96D3-703360DD1557}
		{29FBD0BF-A3E9-4312-8D48-02F1F5E20A95} = {E4C4C493-38B3-4713-96D3-703360DD1557}
		{0341DF55-43FE-48FA-AEE9-AA12F8F87025} = {E4C4C493-38B3-4713-96D3-703360DD1557}
		{8AEDBA02-93E6-46C0-939D-0AAB57A8960A} = {AFF4FF61-A8DE-4CCA-B002-C50E4D385EEF}
		{050CE4A9-B03B-42BF-9293-077988B65AD6} = {AFF4FF61-A8DE-4CCA-B002-C50E4D385EEF}
		{77DCE29E-0181-4797-B5E7-546A8D1BD7F8} = {AFF4FF61-A8DE-4CCA-B002-C50E4D385EEF}
		{0A99EBA0-E974-403C-943B-D24658BFC755} = {4F53ACF3-A55F-4361-B930-B9C10DBA620B}
		{E7D12474-AE9F-49C3-B52B-7970602124C6} = {4F53ACF3-A55F-4361-B930-B9C10DBA620B}
		{83C351D3-5272-4268-8762-BE2306AE96A6} = {4F53ACF3-A55F-4361-B930-B9C10DBA620B}
		{62480707-8EDC-4599-9ECD-22A30F1FE68B} = {7C8B9E08-6A6B-4160-81BC-64A60A75C53C}
		{608BE3CE-FF96-4F4B-92AF-E6405488FC45} = {7C8B9E08-6A6B-4160-81BC-64A60A75C53C}
		{BA7DEA16-E768-4BB8-AA50-9F7C422419DC} = {7C8B9E08-6A6B-4160-81BC-64A60A75C53C}
	EndGlobalSection
	GlobalSection(ExtensibilityGlobals) = postSolution
		SolutionGuid = {7D0AB1B8-B2A8-465C-95E4-FC4C35A7FA8C}
	EndGlobalSection
EndGlobal
